
Microsoft Visual Studio Solution File, Format Version 12.00
# Visual Studio Version 16
VisualStudioVersion = 16.0.31205.134
MinimumVisualStudioVersion = 10.0.40219.1
Project("{FAE04EC0-301F-11D3-BF4B-00C04F79EFBC}") = "QuipuTest", "QuipuTest.csproj", "{FA550B6B-89B7-4E01-8FA5-4565E7E2572F}"
EndProject
Global
	GlobalSection(SolutionConfigurationPlatforms) = preSolution
		Debug|Any CPU = Debug|Any CPU
		Release|Any CPU = Release|Any CPU
	EndGlobalSection
	GlobalSection(ProjectConfigurationPlatforms) = postSolution
		{FA550B6B-89B7-4E01-8FA5-4565E7E2572F}.Debug|Any CPU.ActiveCfg = Debug|Any CPU
		{FA550B6B-89B7-4E01-8FA5-4565E7E2572F}.Debug|Any CPU.Build.0 = Debug|Any CPU
		{FA550B6B-89B7-4E01-8FA5-4565E7E2572F}.Release|Any CPU.ActiveCfg = Release|Any CPU
		{FA550B6B-89B7-4E01-8FA5-4565E7E2572F}.Release|Any CPU.Build.0 = Release|Any CPU
	EndGlobalSection
	GlobalSection(SolutionProperties) = preSolution
		HideSolutionNode = FALSE
	EndGlobalSection
	GlobalSection(ExtensibilityGlobals) = postSolution
		SolutionGuid = {AF673D21-1B70-43E4-82C5-70A49B4D8F25}
	EndGlobalSection
EndGlobal
